
Microsoft Visual Studio Solution File, Format Version 12.00
# Visual Studio Version 17
VisualStudioVersion = 17.3.32819.101
MinimumVisualStudioVersion = 10.0.40219.1
Project("{9A19103F-16F7-4668-BE54-9A1E7A4F7556}") = "DependencyInjection.Abstractions", "DependencyInjection.Abstractions\DependencyInjection.Abstractions.csproj", "{C14B30A7-185F-49EF-A5B1-6F69AE348056}"
EndProject
Project("{9A19103F-16F7-4668-BE54-9A1E7A4F7556}") = "DependencyInjection", "DependencyInjection\DependencyInjection.csproj", "{93E8AE90-F8F7-4C5F-A674-06452B371EA6}"
EndProject
Project("{9A19103F-16F7-4668-BE54-9A1E7A4F7556}") = "DependencyInjection.Tests", "DependencyInjection.Tests\DependencyInjection.Tests.csproj", "{3F691341-F740-481F-B7E7-192E994C12BD}"
EndProject
Project("{9A19103F-16F7-4668-BE54-9A1E7A4F7556}") = "DependencyInjection.Benchmarks", "DependencyInjection.Benchmarks\DependencyInjection.Benchmarks.csproj", "{A88476C3-3971-4204-9D0D-17221D47CA16}"
EndProject
Project("{2150E333-8FDC-42A3-9474-1A3956D46DE8}") = "misc", "misc", "{54BD732A-E9AE-404B-920A-38F336E25557}"
EndProject
Project("{9A19103F-16F7-4668-BE54-9A1E7A4F7556}") = "Playground", "misc\Playground\Playground.csproj", "{4ADFC59E-43F7-4E9F-B2A0-810315F71F30}"
EndProject
Project("{FAE04EC0-301F-11D3-BF4B-00C04F79EFBC}") = "Tests.Moq.DependencyInjection.Abstractions", "Tests.Moq.DependencyInjection.Abstractions\Tests.Moq.DependencyInjection.Abstractions.csproj", "{AAE81805-C128-41C3-885C-88C123F2E4C7}"
EndProject
Global
	GlobalSection(SolutionConfigurationPlatforms) = preSolution
		Debug|Any CPU = Debug|Any CPU
		Release|Any CPU = Release|Any CPU
	EndGlobalSection
	GlobalSection(ProjectConfigurationPlatforms) = postSolution
		{C14B30A7-185F-49EF-A5B1-6F69AE348056}.Debug|Any CPU.ActiveCfg = Debug|Any CPU
		{C14B30A7-185F-49EF-A5B1-6F69AE348056}.Debug|Any CPU.Build.0 = Debug|Any CPU
		{C14B30A7-185F-49EF-A5B1-6F69AE348056}.Release|Any CPU.ActiveCfg = Release|Any CPU
		{C14B30A7-185F-49EF-A5B1-6F69AE348056}.Release|Any CPU.Build.0 = Release|Any CPU
		{93E8AE90-F8F7-4C5F-A674-06452B371EA6}.Debug|Any CPU.ActiveCfg = Debug|Any CPU
		{93E8AE90-F8F7-4C5F-A674-06452B371EA6}.Debug|Any CPU.Build.0 = Debug|Any CPU
		{93E8AE90-F8F7-4C5F-A674-06452B371EA6}.Release|Any CPU.ActiveCfg = Release|Any CPU
		{93E8AE90-F8F7-4C5F-A674-06452B371EA6}.Release|Any CPU.Build.0 = Release|Any CPU
		{3F691341-F740-481F-B7E7-192E994C12BD}.Debug|Any CPU.ActiveCfg = Debug|Any CPU
		{3F691341-F740-481F-B7E7-192E994C12BD}.Debug|Any CPU.Build.0 = Debug|Any CPU
		{3F691341-F740-481F-B7E7-192E994C12BD}.Release|Any CPU.ActiveCfg = Release|Any CPU
		{3F691341-F740-481F-B7E7-192E994C12BD}.Release|Any CPU.Build.0 = Release|Any CPU
		{A88476C3-3971-4204-9D0D-17221D47CA16}.Debug|Any CPU.ActiveCfg = Debug|Any CPU
		{A88476C3-3971-4204-9D0D-17221D47CA16}.Debug|Any CPU.Build.0 = Debug|Any CPU
		{A88476C3-3971-4204-9D0D-17221D47CA16}.Release|Any CPU.ActiveCfg = Release|Any CPU
		{A88476C3-3971-4204-9D0D-17221D47CA16}.Release|Any CPU.Build.0 = Release|Any CPU
		{4ADFC59E-43F7-4E9F-B2A0-810315F71F30}.Debug|Any CPU.ActiveCfg = Debug|Any CPU
		{4ADFC59E-43F7-4E9F-B2A0-810315F71F30}.Debug|Any CPU.Build.0 = Debug|Any CPU
		{4ADFC59E-43F7-4E9F-B2A0-810315F71F30}.Release|Any CPU.ActiveCfg = Release|Any CPU
		{4ADFC59E-43F7-4E9F-B2A0-810315F71F30}.Release|Any CPU.Build.0 = Release|Any CPU
		{AAE81805-C128-41C3-885C-88C123F2E4C7}.Debug|Any CPU.ActiveCfg = Debug|Any CPU
		{AAE81805-C128-41C3-885C-88C123F2E4C7}.Debug|Any CPU.Build.0 = Debug|Any CPU
		{AAE81805-C128-41C3-885C-88C123F2E4C7}.Release|Any CPU.ActiveCfg = Release|Any CPU
		{AAE81805-C128-41C3-885C-88C123F2E4C7}.Release|Any CPU.Build.0 = Release|Any CPU
	EndGlobalSection
	GlobalSection(SolutionProperties) = preSolution
		HideSolutionNode = FALSE
	EndGlobalSection
	GlobalSection(NestedProjects) = preSolution
		{4ADFC59E-43F7-4E9F-B2A0-810315F71F30} = {54BD732A-E9AE-404B-920A-38F336E25557}
	EndGlobalSection
	GlobalSection(ExtensibilityGlobals) = postSolution
		SolutionGuid = {F7698739-4A2C-4878-BF6D-900763ED64FD}
	EndGlobalSection
EndGlobal
